
Microsoft Visual Studio Solution File, Format Version 12.00
# Visual Studio 15
VisualStudioVersion = 15.0.28307.757
MinimumVisualStudioVersion = 10.0.40219.1
Project("{FAE04EC0-301F-11D3-BF4B-00C04F79EFBC}") = "CheckEmpty", "CheckEmpty\CheckEmpty.csproj", "{48B52155-6848-4841-8EB8-61CB8FEE2CF6}"
EndProject
Global
	GlobalSection(SolutionConfigurationPlatforms) = preSolution
		Debug|Any CPU = Debug|Any CPU
		Release|Any CPU = Release|Any CPU
	EndGlobalSection
	GlobalSection(ProjectConfigurationPlatforms) = postSolution
		{48B52155-6848-4841-8EB8-61CB8FEE2CF6}.Debug|Any CPU.ActiveCfg = Debug|Any CPU
		{48B52155-6848-4841-8EB8-61CB8FEE2CF6}.Debug|Any CPU.Build.0 = Debug|Any CPU
		{48B52155-6848-4841-8EB8-61CB8FEE2CF6}.Release|Any CPU.ActiveCfg = Release|Any CPU
		{48B52155-6848-4841-8EB8-61CB8FEE2CF6}.Release|Any CPU.Build.0 = Release|Any CPU
	EndGlobalSection
	GlobalSection(SolutionProperties) = preSolution
		HideSolutionNode = FALSE
	EndGlobalSection
	GlobalSection(ExtensibilityGlobals) = postSolution
		SolutionGuid = {2BF2B024-A8C5-47F0-ABB0-72DD0FB529E0}
	EndGlobalSection
EndGlobal
